
Microsoft Visual Studio Solution File, Format Version 12.00
# Visual Studio 15
VisualStudioVersion = 15.0.28307.136
MinimumVisualStudioVersion = 10.0.40219.1
Project("{FAE04EC0-301F-11D3-BF4B-00C04F79EFBC}") = "Traveler", "Traveler\Traveler.csproj", "{F02C3F94-0503-40E8-BB2A-EB560236B5B5}"
EndProject
Global
	GlobalSection(SolutionConfigurationPlatforms) = preSolution
		Debug|Any CPU = Debug|Any CPU
		Release|Any CPU = Release|Any CPU
	EndGlobalSection
	GlobalSection(ProjectConfigurationPlatforms) = postSolution
		{F02C3F94-0503-40E8-BB2A-EB560236B5B5}.Debug|Any CPU.ActiveCfg = Debug|Any CPU
		{F02C3F94-0503-40E8-BB2A-EB560236B5B5}.Debug|Any CPU.Build.0 = Debug|Any CPU
		{F02C3F94-0503-40E8-BB2A-EB560236B5B5}.Release|Any CPU.ActiveCfg = Release|Any CPU
		{F02C3F94-0503-40E8-BB2A-EB560236B5B5}.Release|Any CPU.Build.0 = Release|Any CPU
	EndGlobalSection
	GlobalSection(SolutionProperties) = preSolution
		HideSolutionNode = FALSE
	EndGlobalSection
	GlobalSection(ExtensibilityGlobals) = postSolution
		SolutionGuid = {5FE18158-63C5-459C-BEF0-6D34F802E74C}
	EndGlobalSection
EndGlobal
